
Microsoft Visual Studio Solution File, Format Version 12.00
# Visual Studio Version 17
VisualStudioVersion = 17.5.33424.131
MinimumVisualStudioVersion = 10.0.40219.1
Project("{FAE04EC0-301F-11D3-BF4B-00C04F79EFBC}") = "TaskManagerWPF", "TaskManagerWPF\TaskManagerWPF.csproj", "{66701F46-033C-4976-958C-B5C80C4B78E7}"
EndProject
Global
	GlobalSection(SolutionConfigurationPlatforms) = preSolution
		Debug|Any CPU = Debug|Any CPU
		Release|Any CPU = Release|Any CPU
	EndGlobalSection
	GlobalSection(ProjectConfigurationPlatforms) = postSolution
		{66701F46-033C-4976-958C-B5C80C4B78E7}.Debug|Any CPU.ActiveCfg = Debug|Any CPU
		{66701F46-033C-4976-958C-B5C80C4B78E7}.Debug|Any CPU.Build.0 = Debug|Any CPU
		{66701F46-033C-4976-958C-B5C80C4B78E7}.Release|Any CPU.ActiveCfg = Release|Any CPU
		{66701F46-033C-4976-958C-B5C80C4B78E7}.Release|Any CPU.Build.0 = Release|Any CPU
	EndGlobalSection
	GlobalSection(SolutionProperties) = preSolution
		HideSolutionNode = FALSE
	EndGlobalSection
	GlobalSection(ExtensibilityGlobals) = postSolution
		SolutionGuid = {33880FBC-D12D-44B4-A99D-8686D08B8C88}
	EndGlobalSection
EndGlobal
